
Microsoft Visual Studio Solution File, Format Version 12.00
# Visual Studio Version 17
VisualStudioVersion = 17.0.31710.8
MinimumVisualStudioVersion = 10.0.40219.1
Project("{E24C65DC-7377-472B-9ABA-BC803B73C61A}") = "KafeProjem", "KafeProjem\", "{35C68A1D-C95D-481D-8817-FB0BAC6716EC}"
	ProjectSection(WebsiteProperties) = preProject
		TargetFrameworkMoniker = ".NETFramework,Version%3Dv4.6.1"
		Debug.AspNetCompiler.VirtualPath = "/localhost_59465"
		Debug.AspNetCompiler.PhysicalPath = "KafeProjem\"
		Debug.AspNetCompiler.TargetPath = "PrecompiledWeb\localhost_59465\"
		Debug.AspNetCompiler.Updateable = "true"
		Debug.AspNetCompiler.ForceOverwrite = "true"
		Debug.AspNetCompiler.FixedNames = "false"
		Debug.AspNetCompiler.Debug = "True"
		Release.AspNetCompiler.VirtualPath = "/localhost_59465"
		Release.AspNetCompiler.PhysicalPath = "KafeProjem\"
		Release.AspNetCompiler.TargetPath = "PrecompiledWeb\localhost_59465\"
		Release.AspNetCompiler.Updateable = "true"
		Release.AspNetCompiler.ForceOverwrite = "true"
		Release.AspNetCompiler.FixedNames = "false"
		Release.AspNetCompiler.Debug = "False"
		VWDPort = "59465"
		SlnRelativePath = "KafeProjem\"
		DefaultWebSiteLanguage = "Visual C#"
	EndProjectSection
EndProject
Global
	GlobalSection(SolutionConfigurationPlatforms) = preSolution
		Debug|Any CPU = Debug|Any CPU
	EndGlobalSection
	GlobalSection(ProjectConfigurationPlatforms) = postSolution
		{35C68A1D-C95D-481D-8817-FB0BAC6716EC}.Debug|Any CPU.ActiveCfg = Debug|Any CPU
		{35C68A1D-C95D-481D-8817-FB0BAC6716EC}.Debug|Any CPU.Build.0 = Debug|Any CPU
	EndGlobalSection
	GlobalSection(SolutionProperties) = preSolution
		HideSolutionNode = FALSE
	EndGlobalSection
	GlobalSection(ExtensibilityGlobals) = postSolution
		SolutionGuid = {A82F5CB9-1D16-417B-908E-29B32F28B452}
	EndGlobalSection
EndGlobal
